
Microsoft Visual Studio Solution File, Format Version 12.00
# Visual Studio Version 17
VisualStudioVersion = 17.4.33122.133
MinimumVisualStudioVersion = 10.0.40219.1
Project("{9A19103F-16F7-4668-BE54-9A1E7A4F7556}") = "ByteCoffee.Domain", "ByteCoffee.Domain\ByteCoffee.Domain.csproj", "{445C086B-328B-415B-BB15-899595F7A2EB}"
EndProject
Project("{FAE04EC0-301F-11D3-BF4B-00C04F79EFBC}") = "ByteCoffee.Application", "ByteCoffee.Application\ByteCoffee.Application.csproj", "{A011A3D0-A98C-4579-A726-DD50A0BD5DDB}"
EndProject
Project("{FAE04EC0-301F-11D3-BF4B-00C04F79EFBC}") = "ByteCoffee.Infra.Data", "ByteCoffee.Infra.Data\ByteCoffee.Infra.Data.csproj", "{A6BA95F1-8A2B-4DE0-8BB7-7F9A80564B34}"
EndProject
Project("{FAE04EC0-301F-11D3-BF4B-00C04F79EFBC}") = "ByteCoffee.Infra.IoC", "ByteCoffee.Infra.IoC\ByteCoffee.Infra.IoC.csproj", "{CEF493FE-8871-41D6-8307-2CF9A832CA90}"
EndProject
Project("{FAE04EC0-301F-11D3-BF4B-00C04F79EFBC}") = "ByteCoffee.WebAPI", "ByteCoffee.WebAPI\ByteCoffee.WebAPI.csproj", "{DDD26D5A-1D93-492C-821C-026DB24A447D}"
EndProject
Project("{FAE04EC0-301F-11D3-BF4B-00C04F79EFBC}") = "ByteCoffee.WebUI", "ByteCoffee.WebUI\ByteCoffee.WebUI.csproj", "{F5632A9D-4D87-45DA-A00A-3C21CBF8759C}"
EndProject
Project("{2150E333-8FDC-42A3-9474-1A3956D46DE8}") = "Tests", "Tests", "{C3B99023-1BF2-46FC-8D03-02567C3BD7B2}"
EndProject
Project("{FAE04EC0-301F-11D3-BF4B-00C04F79EFBC}") = "ByteCoffee.IntegrationTests", "ByteCoffee.IntegrationTests\ByteCoffee.IntegrationTests.csproj", "{2DACA11C-AEAC-40AB-AF3B-ECAC483ECB35}"
EndProject
Project("{FAE04EC0-301F-11D3-BF4B-00C04F79EFBC}") = "ByteCoffee.UnitTests", "ByteCoffee.UnitTests\ByteCoffee.UnitTests.csproj", "{2BEE4445-5900-4F09-A2B8-A247779C6C7D}"
EndProject
Global
	GlobalSection(SolutionConfigurationPlatforms) = preSolution
		Debug|Any CPU = Debug|Any CPU
		Release|Any CPU = Release|Any CPU
	EndGlobalSection
	GlobalSection(ProjectConfigurationPlatforms) = postSolution
		{445C086B-328B-415B-BB15-899595F7A2EB}.Debug|Any CPU.ActiveCfg = Debug|Any CPU
		{445C086B-328B-415B-BB15-899595F7A2EB}.Debug|Any CPU.Build.0 = Debug|Any CPU
		{445C086B-328B-415B-BB15-899595F7A2EB}.Release|Any CPU.ActiveCfg = Release|Any CPU
		{445C086B-328B-415B-BB15-899595F7A2EB}.Release|Any CPU.Build.0 = Release|Any CPU
		{A011A3D0-A98C-4579-A726-DD50A0BD5DDB}.Debug|Any CPU.ActiveCfg = Debug|Any CPU
		{A011A3D0-A98C-4579-A726-DD50A0BD5DDB}.Debug|Any CPU.Build.0 = Debug|Any CPU
		{A011A3D0-A98C-4579-A726-DD50A0BD5DDB}.Release|Any CPU.ActiveCfg = Release|Any CPU
		{A011A3D0-A98C-4579-A726-DD50A0BD5DDB}.Release|Any CPU.Build.0 = Release|Any CPU
		{A6BA95F1-8A2B-4DE0-8BB7-7F9A80564B34}.Debug|Any CPU.ActiveCfg = Debug|Any CPU
		{A6BA95F1-8A2B-4DE0-8BB7-7F9A80564B34}.Debug|Any CPU.Build.0 = Debug|Any CPU
		{A6BA95F1-8A2B-4DE0-8BB7-7F9A80564B34}.Release|Any CPU.ActiveCfg = Release|Any CPU
		{A6BA95F1-8A2B-4DE0-8BB7-7F9A80564B34}.Release|Any CPU.Build.0 = Release|Any CPU
		{CEF493FE-8871-41D6-8307-2CF9A832CA90}.Debug|Any CPU.ActiveCfg = Debug|Any CPU
		{CEF493FE-8871-41D6-8307-2CF9A832CA90}.Debug|Any CPU.Build.0 = Debug|Any CPU
		{CEF493FE-8871-41D6-8307-2CF9A832CA90}.Release|Any CPU.ActiveCfg = Release|Any CPU
		{CEF493FE-8871-41D6-8307-2CF9A832CA90}.Release|Any CPU.Build.0 = Release|Any CPU
		{DDD26D5A-1D93-492C-821C-026DB24A447D}.Debug|Any CPU.ActiveCfg = Debug|Any CPU
		{DDD26D5A-1D93-492C-821C-026DB24A447D}.Debug|Any CPU.Build.0 = Debug|Any CPU
		{DDD26D5A-1D93-492C-821C-026DB24A447D}.Release|Any CPU.ActiveCfg = Release|Any CPU
		{DDD26D5A-1D93-492C-821C-026DB24A447D}.Release|Any CPU.Build.0 = Release|Any CPU
		{F5632A9D-4D87-45DA-A00A-3C21CBF8759C}.Debug|Any CPU.ActiveCfg = Debug|Any CPU
		{F5632A9D-4D87-45DA-A00A-3C21CBF8759C}.Debug|Any CPU.Build.0 = Debug|Any CPU
		{F5632A9D-4D87-45DA-A00A-3C21CBF8759C}.Release|Any CPU.ActiveCfg = Release|Any CPU
		{F5632A9D-4D87-45DA-A00A-3C21CBF8759C}.Release|Any CPU.Build.0 = Release|Any CPU
		{2DACA11C-AEAC-40AB-AF3B-ECAC483ECB35}.Debug|Any CPU.ActiveCfg = Debug|Any CPU
		{2DACA11C-AEAC-40AB-AF3B-ECAC483ECB35}.Debug|Any CPU.Build.0 = Debug|Any CPU
		{2DACA11C-AEAC-40AB-AF3B-ECAC483ECB35}.Release|Any CPU.ActiveCfg = Release|Any CPU
		{2DACA11C-AEAC-40AB-AF3B-ECAC483ECB35}.Release|Any CPU.Build.0 = Release|Any CPU
		{2BEE4445-5900-4F09-A2B8-A247779C6C7D}.Debug|Any CPU.ActiveCfg = Debug|Any CPU
		{2BEE4445-5900-4F09-A2B8-A247779C6C7D}.Debug|Any CPU.Build.0 = Debug|Any CPU
		{2BEE4445-5900-4F09-A2B8-A247779C6C7D}.Release|Any CPU.ActiveCfg = Release|Any CPU
		{2BEE4445-5900-4F09-A2B8-A247779C6C7D}.Release|Any CPU.Build.0 = Release|Any CPU
	EndGlobalSection
	GlobalSection(SolutionProperties) = preSolution
		HideSolutionNode = FALSE
	EndGlobalSection
	GlobalSection(NestedProjects) = preSolution
		{2DACA11C-AEAC-40AB-AF3B-ECAC483ECB35} = {C3B99023-1BF2-46FC-8D03-02567C3BD7B2}
		{2BEE4445-5900-4F09-A2B8-A247779C6C7D} = {C3B99023-1BF2-46FC-8D03-02567C3BD7B2}
	EndGlobalSection
	GlobalSection(ExtensibilityGlobals) = postSolution
		SolutionGuid = {FA26DF90-A8AF-4BE7-9809-78843B8E3308}
	EndGlobalSection
EndGlobal
